
Microsoft Visual Studio Solution File, Format Version 12.00
# Visual Studio Version 17
VisualStudioVersion = 17.11.35327.3
MinimumVisualStudioVersion = 10.0.40219.1
Project("{FAE04EC0-301F-11D3-BF4B-00C04F79EFBC}") = "Calculator", "Calculator.csproj", "{96958A8C-75FB-4439-AAEC-96EB1AB29949}"
EndProject
Global
	GlobalSection(SolutionConfigurationPlatforms) = preSolution
		Debug|Any CPU = Debug|Any CPU
		Release|Any CPU = Release|Any CPU
	EndGlobalSection
	GlobalSection(ProjectConfigurationPlatforms) = postSolution
		{96958A8C-75FB-4439-AAEC-96EB1AB29949}.Debug|Any CPU.ActiveCfg = Debug|Any CPU
		{96958A8C-75FB-4439-AAEC-96EB1AB29949}.Debug|Any CPU.Build.0 = Debug|Any CPU
		{96958A8C-75FB-4439-AAEC-96EB1AB29949}.Release|Any CPU.ActiveCfg = Release|Any CPU
		{96958A8C-75FB-4439-AAEC-96EB1AB29949}.Release|Any CPU.Build.0 = Release|Any CPU
	EndGlobalSection
	GlobalSection(SolutionProperties) = preSolution
		HideSolutionNode = FALSE
	EndGlobalSection
	GlobalSection(ExtensibilityGlobals) = postSolution
		SolutionGuid = {DA665A87-F70F-4326-A3ED-FE8AF5576CA0}
	EndGlobalSection
EndGlobal
